github.com/BurntSushi/toml v0.3.0 h1:e1/Ivsx3Z0FVTV0NSOv/aVgbUWyQuzj7DDnFblkRvsY=
github.com/BurntSushi/toml v0.3.0/go.mod h1:xHWCNGjB5oqiDr8zfno3MHue2Ht5sIBksp03qcyfWMU=
github.com/alecthomas/kingpin v2.2.6+incompatible h1:5svnBTFgJjZvGKyYBtMB0+m5wvrbUHiqye8wRJMlnYI=
github.com/alecthomas/kingpin v2.2.6+incompatible/go.mod h1:59OFYbFVLKQKq+mqrL6Rw5bR0c3ACQaawgXx0QYndlE=
github.com/alecthomas/template v0.0.0-20160405071501-a0175ee3bccc h1:cAKDfWh5VpdgMhJosfJnn5/FoN2SRZ4p7fJNX58YPaU=
github.com/alecthomas/template v0.0.0-20160405071501-a0175ee3bccc/go.mod h1:LOuyumcjzFXgccqObfd/Ljyb9UuFJ6TxHnclSeseNhc=
github.com/alecthomas/units v0.0.0-20151022065526-2efee857e7cf h1:qet1QNfXsQxTZqLG4oE62mJzwPIB8+Tee4RNCL9ulrY=
github.com/alecthomas/units v0.0.0-20151022065526-2efee857e7cf/go.mod h1:ybxpYRFXyAe+OPACYpWeL0wqObRcbAqCMya13uyzqw0=
github.com/alexandrebodin/go-findup v0.0.0-20180620214025-59888d10a1b8 h1:e71cKH3DakMUxuBKDb1v+rWiCfZW+jPGf7jOSFM8VJI=
github.com/alexandrebodin/go-findup v0.0.0-20180620214025-59888d10a1b8/go.mod h1:vUL3dISMHKvXeQYHEJcOjDNQTvOTbIhA024o7/umW1Q=
github.com/davecgh/go-spew v1.1.0 h1:ZDRjVQ15GmhC3fiQ8ni8+OwkZQO4DARzQgrnXU1Liz8=
github.com/davecgh/go-spew v1.1.0/go.mod h1:J7Y8YcW2NihsgmVo/mv3lAwl/skON4iLHjSsI+c5H38=
github.com/pkg/browser v0.0.0-20170505125900-c90ca0c84f15 h1:mrI+6Ae64Wjt+uahGe5we/sPS1sXjvfT3YjtawAVgps=
github.com/pkg/browser v0.0.0-20170505125900-c90ca0c84f15/go.mod h1:4OwLy04Bl9Ef3GJJCoec+30X3LQs/0/m4HFRt/2LUSA=
github.com/pmezard/go-difflib v1.0.0 h1:4DBwDE0NGyQoBHbLQYPwSUPoCMWR5BEzIk/f1lZbAQM=
github.com/pmezard/go-difflib v1.0.0/go.mod h1:iKH77koFhYxTK1pcRnkKkqfTogsbg7gZNVY4sRDYZ/4=
github.com/stretchr/testify v1.2.2 h1:bSDNvY7ZPG5RlJ8otE/7V6gMiyenm9RtJ7IUVIAoJ1w=
github.com/stretchr/testify v1.2.2/go.mod h1:a8OnRcib4nhh0OaRAV+Yts87kKdq0PP7pXfy6kDkUVs=
